
Microsoft Visual Studio Solution File, Format Version 12.00
# Visual Studio Version 16
VisualStudioVersion = 16.0.31702.278
MinimumVisualStudioVersion = 10.0.40219.1
Project("{FAE04EC0-301F-11D3-BF4B-00C04F79EFBC}") = "SinemaOtomasyonu2", "SinemaOtomasyonu2.csproj", "{EDE16B34-80CA-42BA-A137-DB7775E96F06}"
EndProject
Global
	GlobalSection(SolutionConfigurationPlatforms) = preSolution
		Debug|Any CPU = Debug|Any CPU
		Release|Any CPU = Release|Any CPU
	EndGlobalSection
	GlobalSection(ProjectConfigurationPlatforms) = postSolution
		{EDE16B34-80CA-42BA-A137-DB7775E96F06}.Debug|Any CPU.ActiveCfg = Debug|Any CPU
		{EDE16B34-80CA-42BA-A137-DB7775E96F06}.Debug|Any CPU.Build.0 = Debug|Any CPU
		{EDE16B34-80CA-42BA-A137-DB7775E96F06}.Release|Any CPU.ActiveCfg = Release|Any CPU
		{EDE16B34-80CA-42BA-A137-DB7775E96F06}.Release|Any CPU.Build.0 = Release|Any CPU
	EndGlobalSection
	GlobalSection(SolutionProperties) = preSolution
		HideSolutionNode = FALSE
	EndGlobalSection
	GlobalSection(ExtensibilityGlobals) = postSolution
		SolutionGuid = {74CE79AD-4612-4896-9F75-2A1925FA1C5F}
	EndGlobalSection
EndGlobal
